// !$*UTF8*$!
{
	archiveVersion = 1;
	classes = {
	};
	objectVersion = 56;
	objects = {

/* Begin PBXBuildFile section */
		9408837A29E318C900129130 /* WatchVaultApp.swift in Sources */ = {isa = PBXBuildFile; fileRef = 9408837929E318C900129130 /* WatchVaultApp.swift */; };
		9408837E29E318CB00129130 /* Assets.xcassets in Resources */ = {isa = PBXBuildFile; fileRef = 9408837D29E318CB00129130 /* Assets.xcassets */; };
		9408838D29E3195F00129130 /* AppManager.swift in Sources */ = {isa = PBXBuildFile; fileRef = 9408838C29E3195F00129130 /* AppManager.swift */; };
		9408838F29E3196500129130 /* AppCoordinator.swift in Sources */ = {isa = PBXBuildFile; fileRef = 9408838E29E3196400129130 /* AppCoordinator.swift */; };
		9408839329E3196C00129130 /* MainScreen.swift in Sources */ = {isa = PBXBuildFile; fileRef = 9408839029E3196C00129130 /* MainScreen.swift */; };
		9408839429E3196C00129130 /* SplashScreen.swift in Sources */ = {isa = PBXBuildFile; fileRef = 9408839129E3196C00129130 /* SplashScreen.swift */; };
		9408839529E3196C00129130 /* WelcomeScreen.swift in Sources */ = {isa = PBXBuildFile; fileRef = 9408839229E3196C00129130 /* WelcomeScreen.swift */; };
		9408839729E3197100129130 /* ContainerView.swift in Sources */ = {isa = PBXBuildFile; fileRef = 9408839629E3197100129130 /* ContainerView.swift */; };
		9408839A29E3197700129130 /* Localization.swift in Sources */ = {isa = PBXBuildFile; fileRef = 9408839829E3197700129130 /* Localization.swift */; };
		9408839B29E3197700129130 /* ColorPalette.swift in Sources */ = {isa = PBXBuildFile; fileRef = 9408839929E3197700129130 /* ColorPalette.swift */; };
		947CA7EC29E31B3400A1F9E7 /* UINavigationController.swift in Sources */ = {isa = PBXBuildFile; fileRef = 947CA7EB29E31B3400A1F9E7 /* UINavigationController.swift */; };
		947CA81329E31D9B00A1F9E7 /* NavigationManager.swift in Sources */ = {isa = PBXBuildFile; fileRef = 947CA81229E31D9B00A1F9E7 /* NavigationManager.swift */; };
		947CA83B29E31DFC00A1F9E7 /* TabManager.swift in Sources */ = {isa = PBXBuildFile; fileRef = 947CA83829E31DFC00A1F9E7 /* TabManager.swift */; };
		947CA84029E31E4B00A1F9E7 /* ViewDidLoadModifier.swift in Sources */ = {isa = PBXBuildFile; fileRef = 947CA83E29E31E4B00A1F9E7 /* ViewDidLoadModifier.swift */; };
		947CA84329E31E5300A1F9E7 /* View.swift in Sources */ = {isa = PBXBuildFile; fileRef = 947CA84229E31E5300A1F9E7 /* View.swift */; };
		D4758DB429E8931A00F5D23D /* AnimatedVerticalScrollView.swift in Sources */ = {isa = PBXBuildFile; fileRef = D4758DB329E8931900F5D23D /* AnimatedVerticalScrollView.swift */; };
		D4758DB629E8942200F5D23D /* OffsetHelper.swift in Sources */ = {isa = PBXBuildFile; fileRef = D4758DB529E8942200F5D23D /* OffsetHelper.swift */; };
		D4758DB829E8943600F5D23D /* HeaderOffsetHelper.swift in Sources */ = {isa = PBXBuildFile; fileRef = D4758DB729E8943600F5D23D /* HeaderOffsetHelper.swift */; };
		D488501529EE99630053E0DA /* MovieScreen.swift in Sources */ = {isa = PBXBuildFile; fileRef = D488501429EE99630053E0DA /* MovieScreen.swift */; };
		D488501729EED8440053E0DA /* MovieResponse.swift in Sources */ = {isa = PBXBuildFile; fileRef = D488501629EED8440053E0DA /* MovieResponse.swift */; };
		D488501B29EFD11A0053E0DA /* SettingsScreen.swift in Sources */ = {isa = PBXBuildFile; fileRef = D488501A29EFD11A0053E0DA /* SettingsScreen.swift */; };
		D488502629F147700053E0DA /* CreditsResponse.swift in Sources */ = {isa = PBXBuildFile; fileRef = D488502529F147700053E0DA /* CreditsResponse.swift */; };
		D488502829F4411E0053E0DA /* EndpointFactory.swift in Sources */ = {isa = PBXBuildFile; fileRef = D488502729F4411E0053E0DA /* EndpointFactory.swift */; };
		D488502A29F5A7F20053E0DA /* ImageView.swift in Sources */ = {isa = PBXBuildFile; fileRef = D488502929F5A7F20053E0DA /* ImageView.swift */; };
		D488502C29F5A81E0053E0DA /* CacheManager.swift in Sources */ = {isa = PBXBuildFile; fileRef = D488502B29F5A81E0053E0DA /* CacheManager.swift */; };
		D488502F29F5AA060053E0DA /* StarsView.swift in Sources */ = {isa = PBXBuildFile; fileRef = D488502E29F5AA060053E0DA /* StarsView.swift */; };
		D488503129F5AA350053E0DA /* MovieDetailScreen.swift in Sources */ = {isa = PBXBuildFile; fileRef = D488503029F5AA350053E0DA /* MovieDetailScreen.swift */; };
		D488503329F5AA570053E0DA /* Int.swift in Sources */ = {isa = PBXBuildFile; fileRef = D488503229F5AA570053E0DA /* Int.swift */; };
		D488503529F5AA620053E0DA /* String.swift in Sources */ = {isa = PBXBuildFile; fileRef = D488503429F5AA620053E0DA /* String.swift */; };
		D488503929F5AF9D0053E0DA /* GenreResponse.swift in Sources */ = {isa = PBXBuildFile; fileRef = D488503829F5AF9D0053E0DA /* GenreResponse.swift */; };
		D488503C29F5B5F90053E0DA /* LocalFileManager.swift in Sources */ = {isa = PBXBuildFile; fileRef = D488503B29F5B5F90053E0DA /* LocalFileManager.swift */; };
		D488503E29F5CB7C0053E0DA /* LoginView.swift in Sources */ = {isa = PBXBuildFile; fileRef = D488503D29F5CB7C0053E0DA /* LoginView.swift */; };
		D488504029F5CB8D0053E0DA /* SignUpView.swift in Sources */ = {isa = PBXBuildFile; fileRef = D488503F29F5CB8D0053E0DA /* SignUpView.swift */; };
		D488504229F5D3F20053E0DA /* ScrollCollectionView.swift in Sources */ = {isa = PBXBuildFile; fileRef = D488504129F5D3F20053E0DA /* ScrollCollectionView.swift */; };
		D488504429F5D4160053E0DA /* TabCollectionView.swift in Sources */ = {isa = PBXBuildFile; fileRef = D488504329F5D4160053E0DA /* TabCollectionView.swift */; };
		D488504829F65AAB0053E0DA /* TVScreen.swift in Sources */ = {isa = PBXBuildFile; fileRef = D488504729F65AAB0053E0DA /* TVScreen.swift */; };
		D488504A29F65B500053E0DA /* TVResponse.swift in Sources */ = {isa = PBXBuildFile; fileRef = D488504929F65B500053E0DA /* TVResponse.swift */; };
		D488504C29F661800053E0DA /* TVDetailScreen.swift in Sources */ = {isa = PBXBuildFile; fileRef = D488504B29F661800053E0DA /* TVDetailScreen.swift */; };
		D491581C29E6B1E400814FA4 /* TextField.swift in Sources */ = {isa = PBXBuildFile; fileRef = D491581B29E6B1E400814FA4 /* TextField.swift */; };
		D491582029E6C1C800814FA4 /* Text.swift in Sources */ = {isa = PBXBuildFile; fileRef = D491581F29E6C1C800814FA4 /* Text.swift */; };
		D491582229E6C1E100814FA4 /* Button.swift in Sources */ = {isa = PBXBuildFile; fileRef = D491582129E6C1E100814FA4 /* Button.swift */; };
		D491582429E6D5D800814FA4 /* Endpoint.swift in Sources */ = {isa = PBXBuildFile; fileRef = D491582329E6D5D800814FA4 /* Endpoint.swift */; };
		D491582629E6D61B00814FA4 /* TMDBManager.swift in Sources */ = {isa = PBXBuildFile; fileRef = D491582529E6D61B00814FA4 /* TMDBManager.swift */; };
		D491582B29E6E75600814FA4 /* TrendingResponse.swift in Sources */ = {isa = PBXBuildFile; fileRef = D491582A29E6E75600814FA4 /* TrendingResponse.swift */; };
		D491582D29E6E77B00814FA4 /* ConfigurationResponse.swift in Sources */ = {isa = PBXBuildFile; fileRef = D491582C29E6E77B00814FA4 /* ConfigurationResponse.swift */; };
		D4B995C129E547A7004C96BF /* Constants.swift in Sources */ = {isa = PBXBuildFile; fileRef = D4B995C029E547A7004C96BF /* Constants.swift */; };
		D4B995C329E54E7A004C96BF /* Launch Screen.storyboard in Resources */ = {isa = PBXBuildFile; fileRef = D4B995C229E54E7A004C96BF /* Launch Screen.storyboard */; };
		D4DF177729EC390600FBB8F9 /* Lottie in Frameworks */ = {isa = PBXBuildFile; productRef = D4DF177629EC390600FBB8F9 /* Lottie */; };
		D4DF177E29EC481000FBB8F9 /* Loader.json in Resources */ = {isa = PBXBuildFile; fileRef = D4DF177D29EC481000FBB8F9 /* Loader.json */; };
		D4DF178029EC552800FBB8F9 /* LottieView.swift in Sources */ = {isa = PBXBuildFile; fileRef = D4DF177F29EC552800FBB8F9 /* LottieView.swift */; };
		D4DF178229EC565000FBB8F9 /* CustomProgressView.swift in Sources */ = {isa = PBXBuildFile; fileRef = D4DF178129EC565000FBB8F9 /* CustomProgressView.swift */; };
/* End PBXBuildFile section */

/* Begin PBXFileReference section */
		9408837629E318C900129130 /* WatchVault.app */ = {isa = PBXFileReference; explicitFileType = wrapper.application; includeInIndex = 0; path = WatchVault.app; sourceTree = BUILT_PRODUCTS_DIR; };
		9408837929E318C900129130 /* WatchVaultApp.swift */ = {isa = PBXFileReference; lastKnownFileType = sourcecode.swift; path = WatchVaultApp.swift; sourceTree = "<group>"; };
		9408837D29E318CB00129130 /* Assets.xcassets */ = {isa = PBXFileReference; lastKnownFileType = folder.assetcatalog; path = Assets.xcassets; sourceTree = "<group>"; };
		9408837F29E318CB00129130 /* WatchVault.entitlements */ = {isa = PBXFileReference; lastKnownFileType = text.plist.entitlements; path = WatchVault.entitlements; sourceTree = "<group>"; };
		9408838C29E3195F00129130 /* AppManager.swift */ = {isa = PBXFileReference; fileEncoding = 4; lastKnownFileType = sourcecode.swift; path = AppManager.swift; sourceTree = "<group>"; };
		9408838E29E3196400129130 /* AppCoordinator.swift */ = {isa = PBXFileReference; fileEncoding = 4; lastKnownFileType = sourcecode.swift; path = AppCoordinator.swift; sourceTree = "<group>"; };
		9408839029E3196C00129130 /* MainScreen.swift */ = {isa = PBXFileReference; fileEncoding = 4; lastKnownFileType = sourcecode.swift; path = MainScreen.swift; sourceTree = "<group>"; };
		9408839129E3196C00129130 /* SplashScreen.swift */ = {isa = PBXFileReference; fileEncoding = 4; lastKnownFileType = sourcecode.swift; path = SplashScreen.swift; sourceTree = "<group>"; };
		9408839229E3196C00129130 /* WelcomeScreen.swift */ = {isa = PBXFileReference; fileEncoding = 4; lastKnownFileType = sourcecode.swift; path = WelcomeScreen.swift; sourceTree = "<group>"; };
		9408839629E3197100129130 /* ContainerView.swift */ = {isa = PBXFileReference; fileEncoding = 4; lastKnownFileType = sourcecode.swift; path = ContainerView.swift; sourceTree = "<group>"; };
		9408839829E3197700129130 /* Localization.swift */ = {isa = PBXFileReference; fileEncoding = 4; lastKnownFileType = sourcecode.swift; path = Localization.swift; sourceTree = "<group>"; };
		9408839929E3197700129130 /* ColorPalette.swift */ = {isa = PBXFileReference; fileEncoding = 4; lastKnownFileType = sourcecode.swift; path = ColorPalette.swift; sourceTree = "<group>"; };
		947CA7EB29E31B3400A1F9E7 /* UINavigationController.swift */ = {isa = PBXFileReference; fileEncoding = 4; lastKnownFileType = sourcecode.swift; path = UINavigationController.swift; sourceTree = "<group>"; };
		947CA81229E31D9B00A1F9E7 /* NavigationManager.swift */ = {isa = PBXFileReference; fileEncoding = 4; lastKnownFileType = sourcecode.swift; path = NavigationManager.swift; sourceTree = "<group>"; };
		947CA83829E31DFC00A1F9E7 /* TabManager.swift */ = {isa = PBXFileReference; fileEncoding = 4; lastKnownFileType = sourcecode.swift; path = TabManager.swift; sourceTree = "<group>"; };
		947CA83E29E31E4B00A1F9E7 /* ViewDidLoadModifier.swift */ = {isa = PBXFileReference; fileEncoding = 4; lastKnownFileType = sourcecode.swift; path = ViewDidLoadModifier.swift; sourceTree = "<group>"; };
		947CA84229E31E5300A1F9E7 /* View.swift */ = {isa = PBXFileReference; fileEncoding = 4; lastKnownFileType = sourcecode.swift; path = View.swift; sourceTree = "<group>"; };
		D4758DB329E8931900F5D23D /* AnimatedVerticalScrollView.swift */ = {isa = PBXFileReference; lastKnownFileType = sourcecode.swift; path = AnimatedVerticalScrollView.swift; sourceTree = "<group>"; };
		D4758DB529E8942200F5D23D /* OffsetHelper.swift */ = {isa = PBXFileReference; lastKnownFileType = sourcecode.swift; path = OffsetHelper.swift; sourceTree = "<group>"; };
		D4758DB729E8943600F5D23D /* HeaderOffsetHelper.swift */ = {isa = PBXFileReference; lastKnownFileType = sourcecode.swift; path = HeaderOffsetHelper.swift; sourceTree = "<group>"; };
		D488501429EE99630053E0DA /* MovieScreen.swift */ = {isa = PBXFileReference; lastKnownFileType = sourcecode.swift; path = MovieScreen.swift; sourceTree = "<group>"; };
		D488501629EED8440053E0DA /* MovieResponse.swift */ = {isa = PBXFileReference; lastKnownFileType = sourcecode.swift; path = MovieResponse.swift; sourceTree = "<group>"; };
		D488501A29EFD11A0053E0DA /* SettingsScreen.swift */ = {isa = PBXFileReference; lastKnownFileType = sourcecode.swift; path = SettingsScreen.swift; sourceTree = "<group>"; };
		D488502529F147700053E0DA /* CreditsResponse.swift */ = {isa = PBXFileReference; lastKnownFileType = sourcecode.swift; path = CreditsResponse.swift; sourceTree = "<group>"; };
		D488502729F4411E0053E0DA /* EndpointFactory.swift */ = {isa = PBXFileReference; lastKnownFileType = sourcecode.swift; path = EndpointFactory.swift; sourceTree = "<group>"; };
		D488502929F5A7F20053E0DA /* ImageView.swift */ = {isa = PBXFileReference; lastKnownFileType = sourcecode.swift; path = ImageView.swift; sourceTree = "<group>"; };
		D488502B29F5A81E0053E0DA /* CacheManager.swift */ = {isa = PBXFileReference; lastKnownFileType = sourcecode.swift; path = CacheManager.swift; sourceTree = "<group>"; };
		D488502E29F5AA060053E0DA /* StarsView.swift */ = {isa = PBXFileReference; lastKnownFileType = sourcecode.swift; path = StarsView.swift; sourceTree = "<group>"; };
		D488503029F5AA350053E0DA /* MovieDetailScreen.swift */ = {isa = PBXFileReference; lastKnownFileType = sourcecode.swift; path = MovieDetailScreen.swift; sourceTree = "<group>"; };
		D488503229F5AA570053E0DA /* Int.swift */ = {isa = PBXFileReference; lastKnownFileType = sourcecode.swift; path = Int.swift; sourceTree = "<group>"; };
		D488503429F5AA620053E0DA /* String.swift */ = {isa = PBXFileReference; lastKnownFileType = sourcecode.swift; path = String.swift; sourceTree = "<group>"; };
		D488503829F5AF9D0053E0DA /* GenreResponse.swift */ = {isa = PBXFileReference; lastKnownFileType = sourcecode.swift; path = GenreResponse.swift; sourceTree = "<group>"; };
		D488503B29F5B5F90053E0DA /* LocalFileManager.swift */ = {isa = PBXFileReference; lastKnownFileType = sourcecode.swift; path = LocalFileManager.swift; sourceTree = "<group>"; };
		D488503D29F5CB7C0053E0DA /* LoginView.swift */ = {isa = PBXFileReference; lastKnownFileType = sourcecode.swift; path = LoginView.swift; sourceTree = "<group>"; };
		D488503F29F5CB8D0053E0DA /* SignUpView.swift */ = {isa = PBXFileReference; lastKnownFileType = sourcecode.swift; path = SignUpView.swift; sourceTree = "<group>"; };
		D488504129F5D3F20053E0DA /* ScrollCollectionView.swift */ = {isa = PBXFileReference; lastKnownFileType = sourcecode.swift; path = ScrollCollectionView.swift; sourceTree = "<group>"; };
		D488504329F5D4160053E0DA /* TabCollectionView.swift */ = {isa = PBXFileReference; lastKnownFileType = sourcecode.swift; path = TabCollectionView.swift; sourceTree = "<group>"; };
		D488504729F65AAB0053E0DA /* TVScreen.swift */ = {isa = PBXFileReference; lastKnownFileType = sourcecode.swift; path = TVScreen.swift; sourceTree = "<group>"; };
		D488504929F65B500053E0DA /* TVResponse.swift */ = {isa = PBXFileReference; lastKnownFileType = sourcecode.swift; path = TVResponse.swift; sourceTree = "<group>"; };
		D488504B29F661800053E0DA /* TVDetailScreen.swift */ = {isa = PBXFileReference; lastKnownFileType = sourcecode.swift; path = TVDetailScreen.swift; sourceTree = "<group>"; };
		D491581B29E6B1E400814FA4 /* TextField.swift */ = {isa = PBXFileReference; lastKnownFileType = sourcecode.swift; path = TextField.swift; sourceTree = "<group>"; };
		D491581F29E6C1C800814FA4 /* Text.swift */ = {isa = PBXFileReference; lastKnownFileType = sourcecode.swift; path = Text.swift; sourceTree = "<group>"; };
		D491582129E6C1E100814FA4 /* Button.swift */ = {isa = PBXFileReference; lastKnownFileType = sourcecode.swift; path = Button.swift; sourceTree = "<group>"; };
		D491582329E6D5D800814FA4 /* Endpoint.swift */ = {isa = PBXFileReference; lastKnownFileType = sourcecode.swift; path = Endpoint.swift; sourceTree = "<group>"; };
		D491582529E6D61B00814FA4 /* TMDBManager.swift */ = {isa = PBXFileReference; lastKnownFileType = sourcecode.swift; path = TMDBManager.swift; sourceTree = "<group>"; };
		D491582A29E6E75600814FA4 /* TrendingResponse.swift */ = {isa = PBXFileReference; lastKnownFileType = sourcecode.swift; path = TrendingResponse.swift; sourceTree = "<group>"; };
		D491582C29E6E77B00814FA4 /* ConfigurationResponse.swift */ = {isa = PBXFileReference; lastKnownFileType = sourcecode.swift; path = ConfigurationResponse.swift; sourceTree = "<group>"; };
		D4B995C029E547A7004C96BF /* Constants.swift */ = {isa = PBXFileReference; lastKnownFileType = sourcecode.swift; path = Constants.swift; sourceTree = "<group>"; };
		D4B995C229E54E7A004C96BF /* Launch Screen.storyboard */ = {isa = PBXFileReference; lastKnownFileType = file.storyboard; path = "Launch Screen.storyboard"; sourceTree = "<group>"; };
		D4DF177D29EC481000FBB8F9 /* Loader.json */ = {isa = PBXFileReference; fileEncoding = 4; lastKnownFileType = text.json; path = Loader.json; sourceTree = "<group>"; };
		D4DF177F29EC552800FBB8F9 /* LottieView.swift */ = {isa = PBXFileReference; lastKnownFileType = sourcecode.swift; path = LottieView.swift; sourceTree = "<group>"; };
		D4DF178129EC565000FBB8F9 /* CustomProgressView.swift */ = {isa = PBXFileReference; lastKnownFileType = sourcecode.swift; path = CustomProgressView.swift; sourceTree = "<group>"; };
/* End PBXFileReference section */

/* Begin PBXFrameworksBuildPhase section */
		9408837329E318C900129130 /* Frameworks */ = {
			isa = PBXFrameworksBuildPhase;
			buildActionMask = 2147483647;
			files = (
				D4DF177729EC390600FBB8F9 /* Lottie in Frameworks */,
			);
			runOnlyForDeploymentPostprocessing = 0;
		};
/* End PBXFrameworksBuildPhase section */

/* Begin PBXGroup section */
		9408836D29E318C900129130 = {
			isa = PBXGroup;
			children = (
				9408837829E318C900129130 /* WatchVault */,
				9408837729E318C900129130 /* Products */,
			);
			sourceTree = "<group>";
		};
		9408837729E318C900129130 /* Products */ = {
			isa = PBXGroup;
			children = (
				9408837629E318C900129130 /* WatchVault.app */,
			);
			name = Products;
			sourceTree = "<group>";
		};
		9408837829E318C900129130 /* WatchVault */ = {
			isa = PBXGroup;
			children = (
				9408837929E318C900129130 /* WatchVaultApp.swift */,
				947CA7EE29E31D4600A1F9E7 /* Services */,
				947CA7ED29E31D3100A1F9E7 /* Components */,
				947CA7EA29E31B1D00A1F9E7 /* Extensions */,
				947CA83D29E31E3300A1F9E7 /* ViewModifiers */,
				9408838929E3192D00129130 /* Screens */,
				9408838B29E3194900129130 /* Resources */,
				9408837F29E318CB00129130 /* WatchVault.entitlements */,
			);
			path = WatchVault;
			sourceTree = "<group>";
		};
		9408838829E3191700129130 /* AppManager */ = {
			isa = PBXGroup;
			children = (
				9408838C29E3195F00129130 /* AppManager.swift */,
				9408838E29E3196400129130 /* AppCoordinator.swift */,
			);
			path = AppManager;
			sourceTree = "<group>";
		};
		9408838929E3192D00129130 /* Screens */ = {
			isa = PBXGroup;
			children = (
				D488501C29EFD1EB0053E0DA /* Splash */,
				D488501D29EFD1F60053E0DA /* Welcome */,
				D488501E29EFD1FF0053E0DA /* Main */,
			);
			path = Screens;
			sourceTree = "<group>";
		};
		9408838B29E3194900129130 /* Resources */ = {
			isa = PBXGroup;
			children = (
				D4B995C029E547A7004C96BF /* Constants.swift */,
				9408839929E3197700129130 /* ColorPalette.swift */,
				9408839829E3197700129130 /* Localization.swift */,
				D4B995C229E54E7A004C96BF /* Launch Screen.storyboard */,
				D4DF177D29EC481000FBB8F9 /* Loader.json */,
				9408837D29E318CB00129130 /* Assets.xcassets */,
			);
			path = Resources;
			sourceTree = "<group>";
		};
		947CA7EA29E31B1D00A1F9E7 /* Extensions */ = {
			isa = PBXGroup;
			children = (
				947CA7EB29E31B3400A1F9E7 /* UINavigationController.swift */,
				947CA84229E31E5300A1F9E7 /* View.swift */,
				D488503229F5AA570053E0DA /* Int.swift */,
				D488503429F5AA620053E0DA /* String.swift */,
			);
			path = Extensions;
			sourceTree = "<group>";
		};
		947CA7ED29E31D3100A1F9E7 /* Components */ = {
			isa = PBXGroup;
			children = (
				D4758DB229E892E700F5D23D /* AnimatedVerticalScrollView */,
				D491582129E6C1E100814FA4 /* Button.swift */,
				D4DF178129EC565000FBB8F9 /* CustomProgressView.swift */,
				9408839629E3197100129130 /* ContainerView.swift */,
				D488502929F5A7F20053E0DA /* ImageView.swift */,
				D4DF177F29EC552800FBB8F9 /* LottieView.swift */,
				D488504129F5D3F20053E0DA /* ScrollCollectionView.swift */,
				D488502E29F5AA060053E0DA /* StarsView.swift */,
				D488504329F5D4160053E0DA /* TabCollectionView.swift */,
				D491581F29E6C1C800814FA4 /* Text.swift */,
				D491581B29E6B1E400814FA4 /* TextField.swift */,
			);
			path = Components;
			sourceTree = "<group>";
		};
		947CA7EE29E31D4600A1F9E7 /* Services */ = {
			isa = PBXGroup;
			children = (
				9408838829E3191700129130 /* AppManager */,
				D488502D29F5A8270053E0DA /* CacheManager */,
				D491582829E6E73F00814FA4 /* Endpoint */,
				D488503A29F5B5EB0053E0DA /* LocalFileManager */,
				947CA81429E31DBF00A1F9E7 /* NavigationManager */,
				947CA83C29E31E0400A1F9E7 /* TabManager */,
				D491582729E6E73200814FA4 /* TMDBManager */,
			);
			path = Services;
			sourceTree = "<group>";
		};
		947CA81429E31DBF00A1F9E7 /* NavigationManager */ = {
			isa = PBXGroup;
			children = (
				947CA81229E31D9B00A1F9E7 /* NavigationManager.swift */,
			);
			path = NavigationManager;
			sourceTree = "<group>";
		};
		947CA83C29E31E0400A1F9E7 /* TabManager */ = {
			isa = PBXGroup;
			children = (
				947CA83829E31DFC00A1F9E7 /* TabManager.swift */,
			);
			path = TabManager;
			sourceTree = "<group>";
		};
		947CA83D29E31E3300A1F9E7 /* ViewModifiers */ = {
			isa = PBXGroup;
			children = (
				947CA83E29E31E4B00A1F9E7 /* ViewDidLoadModifier.swift */,
			);
			path = ViewModifiers;
			sourceTree = "<group>";
		};
		D4758DB229E892E700F5D23D /* AnimatedVerticalScrollView */ = {
			isa = PBXGroup;
			children = (
				D4758DB329E8931900F5D23D /* AnimatedVerticalScrollView.swift */,
				D4758DB729E8943600F5D23D /* HeaderOffsetHelper.swift */,
				D4758DB529E8942200F5D23D /* OffsetHelper.swift */,
			);
			path = AnimatedVerticalScrollView;
			sourceTree = "<group>";
		};
		D488501C29EFD1EB0053E0DA /* Splash */ = {
			isa = PBXGroup;
			children = (
				9408839129E3196C00129130 /* SplashScreen.swift */,
			);
			path = Splash;
			sourceTree = "<group>";
		};
		D488501D29EFD1F60053E0DA /* Welcome */ = {
			isa = PBXGroup;
			children = (
				9408839229E3196C00129130 /* WelcomeScreen.swift */,
				D488503D29F5CB7C0053E0DA /* LoginView.swift */,
				D488503F29F5CB8D0053E0DA /* SignUpView.swift */,
			);
			path = Welcome;
			sourceTree = "<group>";
		};
		D488501E29EFD1FF0053E0DA /* Main */ = {
			isa = PBXGroup;
			children = (
				9408839029E3196C00129130 /* MainScreen.swift */,
				D488504D29F66D370053E0DA /* Movie */,
				D488504E29F66D400053E0DA /* TV */,
				D488504F29F66D4F0053E0DA /* Settings */,
			);
			path = Main;
			sourceTree = "<group>";
		};
		D488502D29F5A8270053E0DA /* CacheManager */ = {
			isa = PBXGroup;
			children = (
				D488502B29F5A81E0053E0DA /* CacheManager.swift */,
			);
			path = CacheManager;
			sourceTree = "<group>";
		};
		D488503A29F5B5EB0053E0DA /* LocalFileManager */ = {
			isa = PBXGroup;
			children = (
				D488503B29F5B5F90053E0DA /* LocalFileManager.swift */,
			);
			path = LocalFileManager;
			sourceTree = "<group>";
		};
		D488504D29F66D370053E0DA /* Movie */ = {
			isa = PBXGroup;
			children = (
				D488501429EE99630053E0DA /* MovieScreen.swift */,
				D488503029F5AA350053E0DA /* MovieDetailScreen.swift */,
			);
			path = Movie;
			sourceTree = "<group>";
		};
		D488504E29F66D400053E0DA /* TV */ = {
			isa = PBXGroup;
			children = (
				D488504729F65AAB0053E0DA /* TVScreen.swift */,
				D488504B29F661800053E0DA /* TVDetailScreen.swift */,
			);
			path = TV;
			sourceTree = "<group>";
		};
		D488504F29F66D4F0053E0DA /* Settings */ = {
			isa = PBXGroup;
			children = (
				D488501A29EFD11A0053E0DA /* SettingsScreen.swift */,
			);
			path = Settings;
			sourceTree = "<group>";
		};
		D491582729E6E73200814FA4 /* TMDBManager */ = {
			isa = PBXGroup;
			children = (
				D491582529E6D61B00814FA4 /* TMDBManager.swift */,
				D491582929E6E74C00814FA4 /* Model */,
			);
			path = TMDBManager;
			sourceTree = "<group>";
		};
		D491582829E6E73F00814FA4 /* Endpoint */ = {
			isa = PBXGroup;
			children = (
				D491582329E6D5D800814FA4 /* Endpoint.swift */,
				D488502729F4411E0053E0DA /* EndpointFactory.swift */,
			);
			path = Endpoint;
			sourceTree = "<group>";
		};
		D491582929E6E74C00814FA4 /* Model */ = {
			isa = PBXGroup;
			children = (
				D491582C29E6E77B00814FA4 /* ConfigurationResponse.swift */,
				D488502529F147700053E0DA /* CreditsResponse.swift */,
				D488503829F5AF9D0053E0DA /* GenreResponse.swift */,
				D488501629EED8440053E0DA /* MovieResponse.swift */,
				D491582A29E6E75600814FA4 /* TrendingResponse.swift */,
				D488504929F65B500053E0DA /* TVResponse.swift */,
			);
			path = Model;
			sourceTree = "<group>";
		};
/* End PBXGroup section */

/* Begin PBXNativeTarget section */
		9408837529E318C900129130 /* WatchVault */ = {
			isa = PBXNativeTarget;
			buildConfigurationList = 9408838529E318CB00129130 /* Build configuration list for PBXNativeTarget "WatchVault" */;
			buildPhases = (
				9408837229E318C900129130 /* Sources */,
				9408837329E318C900129130 /* Frameworks */,
				9408837429E318C900129130 /* Resources */,
			);
			buildRules = (
			);
			dependencies = (
			);
			name = WatchVault;
			packageProductDependencies = (
				D4DF177629EC390600FBB8F9 /* Lottie */,
			);
			productName = WatchVault;
			productReference = 9408837629E318C900129130 /* WatchVault.app */;
			productType = "com.apple.product-type.application";
		};
/* End PBXNativeTarget section */

/* Begin PBXProject section */
		9408836E29E318C900129130 /* Project object */ = {
			isa = PBXProject;
			attributes = {
				BuildIndependentTargetsInParallel = 1;
				LastSwiftUpdateCheck = 1420;
				LastUpgradeCheck = 1420;
				TargetAttributes = {
					9408837529E318C900129130 = {
						CreatedOnToolsVersion = 14.2;
					};
				};
			};
			buildConfigurationList = 9408837129E318C900129130 /* Build configuration list for PBXProject "WatchVault" */;
			compatibilityVersion = "Xcode 14.0";
			developmentRegion = en;
			hasScannedForEncodings = 0;
			knownRegions = (
				en,
				Base,
			);
			mainGroup = 9408836D29E318C900129130;
			packageReferences = (
				D4DF177529EC390600FBB8F9 /* XCRemoteSwiftPackageReference "lottie-ios" */,
			);
			productRefGroup = 9408837729E318C900129130 /* Products */;
			projectDirPath = "";
			projectRoot = "";
			targets = (
				9408837529E318C900129130 /* WatchVault */,
			);
		};
/* End PBXProject section */

/* Begin PBXResourcesBuildPhase section */
		9408837429E318C900129130 /* Resources */ = {
			isa = PBXResourcesBuildPhase;
			buildActionMask = 2147483647;
			files = (
				D4B995C329E54E7A004C96BF /* Launch Screen.storyboard in Resources */,
				9408837E29E318CB00129130 /* Assets.xcassets in Resources */,
				D4DF177E29EC481000FBB8F9 /* Loader.json in Resources */,
			);
			runOnlyForDeploymentPostprocessing = 0;
		};
/* End PBXResourcesBuildPhase section */

/* Begin PBXSourcesBuildPhase section */
		9408837229E318C900129130 /* Sources */ = {
			isa = PBXSourcesBuildPhase;
			buildActionMask = 2147483647;
			files = (
				D488503529F5AA620053E0DA /* String.swift in Sources */,
				D4DF178029EC552800FBB8F9 /* LottieView.swift in Sources */,
				D491582429E6D5D800814FA4 /* Endpoint.swift in Sources */,
				947CA84029E31E4B00A1F9E7 /* ViewDidLoadModifier.swift in Sources */,
				947CA81329E31D9B00A1F9E7 /* NavigationManager.swift in Sources */,
				9408839529E3196C00129130 /* WelcomeScreen.swift in Sources */,
				D488501B29EFD11A0053E0DA /* SettingsScreen.swift in Sources */,
				D4758DB829E8943600F5D23D /* HeaderOffsetHelper.swift in Sources */,
				D488504229F5D3F20053E0DA /* ScrollCollectionView.swift in Sources */,
				947CA84329E31E5300A1F9E7 /* View.swift in Sources */,
				D488503929F5AF9D0053E0DA /* GenreResponse.swift in Sources */,
				D488504029F5CB8D0053E0DA /* SignUpView.swift in Sources */,
				D488503129F5AA350053E0DA /* MovieDetailScreen.swift in Sources */,
				D4DF178229EC565000FBB8F9 /* CustomProgressView.swift in Sources */,
				D488502829F4411E0053E0DA /* EndpointFactory.swift in Sources */,
				947CA83B29E31DFC00A1F9E7 /* TabManager.swift in Sources */,
				D488504A29F65B500053E0DA /* TVResponse.swift in Sources */,
				D488504429F5D4160053E0DA /* TabCollectionView.swift in Sources */,
				947CA7EC29E31B3400A1F9E7 /* UINavigationController.swift in Sources */,
				D488503C29F5B5F90053E0DA /* LocalFileManager.swift in Sources */,
				D491582B29E6E75600814FA4 /* TrendingResponse.swift in Sources */,
				D488502629F147700053E0DA /* CreditsResponse.swift in Sources */,
				9408839429E3196C00129130 /* SplashScreen.swift in Sources */,
				D488502A29F5A7F20053E0DA /* ImageView.swift in Sources */,
				9408839B29E3197700129130 /* ColorPalette.swift in Sources */,
				D491582029E6C1C800814FA4 /* Text.swift in Sources */,
				D488503329F5AA570053E0DA /* Int.swift in Sources */,
				D4758DB429E8931A00F5D23D /* AnimatedVerticalScrollView.swift in Sources */,
				9408839329E3196C00129130 /* MainScreen.swift in Sources */,
				D488502F29F5AA060053E0DA /* StarsView.swift in Sources */,
				D488502C29F5A81E0053E0DA /* CacheManager.swift in Sources */,
				D491581C29E6B1E400814FA4 /* TextField.swift in Sources */,
				D488504C29F661800053E0DA /* TVDetailScreen.swift in Sources */,
				D491582D29E6E77B00814FA4 /* ConfigurationResponse.swift in Sources */,
				9408838F29E3196500129130 /* AppCoordinator.swift in Sources */,
				9408837A29E318C900129130 /* WatchVaultApp.swift in Sources */,
				D4758DB629E8942200F5D23D /* OffsetHelper.swift in Sources */,
				D488501529EE99630053E0DA /* MovieScreen.swift in Sources */,
				9408839729E3197100129130 /* ContainerView.swift in Sources */,
				9408839A29E3197700129130 /* Localization.swift in Sources */,
				9408838D29E3195F00129130 /* AppManager.swift in Sources */,
				D488504829F65AAB0053E0DA /* TVScreen.swift in Sources */,
				D4B995C129E547A7004C96BF /* Constants.swift in Sources */,
				D488501729EED8440053E0DA /* MovieResponse.swift in Sources */,
				D491582629E6D61B00814FA4 /* TMDBManager.swift in Sources */,
				D488503E29F5CB7C0053E0DA /* LoginView.swift in Sources */,
				D491582229E6C1E100814FA4 /* Button.swift in Sources */,
			);
			runOnlyForDeploymentPostprocessing = 0;
		};
/* End PBXSourcesBuildPhase section */

/* Begin XCBuildConfiguration section */
		9408838329E318CB00129130 /* Debug */ = {
			isa = XCBuildConfiguration;
			buildSettings = {
				ALWAYS_SEARCH_USER_PATHS = NO;
				CLANG_ANALYZER_NONNULL = YES;
				CLANG_ANALYZER_NUMBER_OBJECT_CONVERSION = YES_AGGRESSIVE;
				CLANG_CXX_LANGUAGE_STANDARD = "gnu++20";
				CLANG_ENABLE_MODULES = YES;
				CLANG_ENABLE_OBJC_ARC = YES;
				CLANG_ENABLE_OBJC_WEAK = YES;
				CLANG_WARN_BLOCK_CAPTURE_AUTORELEASING = YES;
				CLANG_WARN_BOOL_CONVERSION = YES;
				CLANG_WARN_COMMA = YES;
				CLANG_WARN_CONSTANT_CONVERSION = YES;
				CLANG_WARN_DEPRECATED_OBJC_IMPLEMENTATIONS = YES;
				CLANG_WARN_DIRECT_OBJC_ISA_USAGE = YES_ERROR;
				CLANG_WARN_DOCUMENTATION_COMMENTS = YES;
				CLANG_WARN_EMPTY_BODY = YES;
				CLANG_WARN_ENUM_CONVERSION = YES;
				CLANG_WARN_INFINITE_RECURSION = YES;
				CLANG_WARN_INT_CONVERSION = YES;
				CLANG_WARN_NON_LITERAL_NULL_CONVERSION = YES;
				CLANG_WARN_OBJC_IMPLICIT_RETAIN_SELF = YES;
				CLANG_WARN_OBJC_LITERAL_CONVERSION = YES;
				CLANG_WARN_OBJC_ROOT_CLASS = YES_ERROR;
				CLANG_WARN_QUOTED_INCLUDE_IN_FRAMEWORK_HEADER = YES;
				CLANG_WARN_RANGE_LOOP_ANALYSIS = YES;
				CLANG_WARN_STRICT_PROTOTYPES = YES;
				CLANG_WARN_SUSPICIOUS_MOVE = YES;
				CLANG_WARN_UNGUARDED_AVAILABILITY = YES_AGGRESSIVE;
				CLANG_WARN_UNREACHABLE_CODE = YES;
				CLANG_WARN__DUPLICATE_METHOD_MATCH = YES;
				COPY_PHASE_STRIP = NO;
				DEBUG_INFORMATION_FORMAT = dwarf;
				ENABLE_STRICT_OBJC_MSGSEND = YES;
				ENABLE_TESTABILITY = YES;
				GCC_C_LANGUAGE_STANDARD = gnu11;
				GCC_DYNAMIC_NO_PIC = NO;
				GCC_NO_COMMON_BLOCKS = YES;
				GCC_OPTIMIZATION_LEVEL = 0;
				GCC_PREPROCESSOR_DEFINITIONS = (
					"DEBUG=1",
					"$(inherited)",
				);
				GCC_WARN_64_TO_32_BIT_CONVERSION = YES;
				GCC_WARN_ABOUT_RETURN_TYPE = YES_ERROR;
				GCC_WARN_UNDECLARED_SELECTOR = YES;
				GCC_WARN_UNINITIALIZED_AUTOS = YES_AGGRESSIVE;
				GCC_WARN_UNUSED_FUNCTION = YES;
				GCC_WARN_UNUSED_VARIABLE = YES;
				MTL_ENABLE_DEBUG_INFO = INCLUDE_SOURCE;
				MTL_FAST_MATH = YES;
				ONLY_ACTIVE_ARCH = YES;
				SWIFT_ACTIVE_COMPILATION_CONDITIONS = DEBUG;
				SWIFT_OPTIMIZATION_LEVEL = "-Onone";
			};
			name = Debug;
		};
		9408838429E318CB00129130 /* Release */ = {
			isa = XCBuildConfiguration;
			buildSettings = {
				ALWAYS_SEARCH_USER_PATHS = NO;
				CLANG_ANALYZER_NONNULL = YES;
				CLANG_ANALYZER_NUMBER_OBJECT_CONVERSION = YES_AGGRESSIVE;
				CLANG_CXX_LANGUAGE_STANDARD = "gnu++20";
				CLANG_ENABLE_MODULES = YES;
				CLANG_ENABLE_OBJC_ARC = YES;
				CLANG_ENABLE_OBJC_WEAK = YES;
				CLANG_WARN_BLOCK_CAPTURE_AUTORELEASING = YES;
				CLANG_WARN_BOOL_CONVERSION = YES;
				CLANG_WARN_COMMA = YES;
				CLANG_WARN_CONSTANT_CONVERSION = YES;
				CLANG_WARN_DEPRECATED_OBJC_IMPLEMENTATIONS = YES;
				CLANG_WARN_DIRECT_OBJC_ISA_USAGE = YES_ERROR;
				CLANG_WARN_DOCUMENTATION_COMMENTS = YES;
				CLANG_WARN_EMPTY_BODY = YES;
				CLANG_WARN_ENUM_CONVERSION = YES;
				CLANG_WARN_INFINITE_RECURSION = YES;
				CLANG_WARN_INT_CONVERSION = YES;
				CLANG_WARN_NON_LITERAL_NULL_CONVERSION = YES;
				CLANG_WARN_OBJC_IMPLICIT_RETAIN_SELF = YES;
				CLANG_WARN_OBJC_LITERAL_CONVERSION = YES;
				CLANG_WARN_OBJC_ROOT_CLASS = YES_ERROR;
				CLANG_WARN_QUOTED_INCLUDE_IN_FRAMEWORK_HEADER = YES;
				CLANG_WARN_RANGE_LOOP_ANALYSIS = YES;
				CLANG_WARN_STRICT_PROTOTYPES = YES;
				CLANG_WARN_SUSPICIOUS_MOVE = YES;
				CLANG_WARN_UNGUARDED_AVAILABILITY = YES_AGGRESSIVE;
				CLANG_WARN_UNREACHABLE_CODE = YES;
				CLANG_WARN__DUPLICATE_METHOD_MATCH = YES;
				COPY_PHASE_STRIP = NO;
				DEBUG_INFORMATION_FORMAT = "dwarf-with-dsym";
				ENABLE_NS_ASSERTIONS = NO;
				ENABLE_STRICT_OBJC_MSGSEND = YES;
				GCC_C_LANGUAGE_STANDARD = gnu11;
				GCC_NO_COMMON_BLOCKS = YES;
				GCC_WARN_64_TO_32_BIT_CONVERSION = YES;
				GCC_WARN_ABOUT_RETURN_TYPE = YES_ERROR;
				GCC_WARN_UNDECLARED_SELECTOR = YES;
				GCC_WARN_UNINITIALIZED_AUTOS = YES_AGGRESSIVE;
				GCC_WARN_UNUSED_FUNCTION = YES;
				GCC_WARN_UNUSED_VARIABLE = YES;
				MTL_ENABLE_DEBUG_INFO = NO;
				MTL_FAST_MATH = YES;
				SWIFT_COMPILATION_MODE = wholemodule;
				SWIFT_OPTIMIZATION_LEVEL = "-O";
			};
			name = Release;
		};
		9408838629E318CB00129130 /* Debug */ = {
			isa = XCBuildConfiguration;
			buildSettings = {
				ASSETCATALOG_COMPILER_APPICON_NAME = AppIcon;
				ASSETCATALOG_COMPILER_GLOBAL_ACCENT_COLOR_NAME = AccentColor;
				CODE_SIGN_ENTITLEMENTS = WatchVault/WatchVault.entitlements;
				CODE_SIGN_STYLE = Automatic;
				CURRENT_PROJECT_VERSION = 1;
				DEVELOPMENT_ASSET_PATHS = "";
				DEVELOPMENT_TEAM = DLMFN4KDDD;
				ENABLE_HARDENED_RUNTIME = YES;
				ENABLE_PREVIEWS = YES;
				GENERATE_INFOPLIST_FILE = YES;
				"INFOPLIST_KEY_UIApplicationSceneManifest_Generation[sdk=iphoneos*]" = YES;
				"INFOPLIST_KEY_UIApplicationSceneManifest_Generation[sdk=iphonesimulator*]" = YES;
				"INFOPLIST_KEY_UIApplicationSupportsIndirectInputEvents[sdk=iphoneos*]" = YES;
				"INFOPLIST_KEY_UIApplicationSupportsIndirectInputEvents[sdk=iphonesimulator*]" = YES;
				"INFOPLIST_KEY_UILaunchScreen_Generation[sdk=iphoneos*]" = YES;
				"INFOPLIST_KEY_UILaunchScreen_Generation[sdk=iphonesimulator*]" = YES;
				INFOPLIST_KEY_UILaunchStoryboardName = "Launch Screen.storyboard";
				"INFOPLIST_KEY_UIStatusBarStyle[sdk=iphoneos*]" = UIStatusBarStyleDefault;
				"INFOPLIST_KEY_UIStatusBarStyle[sdk=iphonesimulator*]" = UIStatusBarStyleDefault;
				INFOPLIST_KEY_UISupportedInterfaceOrientations = UIInterfaceOrientationPortrait;
				IPHONEOS_DEPLOYMENT_TARGET = 16.0;
				LD_RUNPATH_SEARCH_PATHS = "@executable_path/Frameworks";
				"LD_RUNPATH_SEARCH_PATHS[sdk=macosx*]" = "@executable_path/../Frameworks";
				MACOSX_DEPLOYMENT_TARGET = 13.1;
				MARKETING_VERSION = 1.0;
				PRODUCT_BUNDLE_IDENTIFIER = com.kartelemreburuk.WatchVault;
				PRODUCT_NAME = "$(TARGET_NAME)";
				SDKROOT = auto;
				SUPPORTED_PLATFORMS = "iphoneos iphonesimulator";
				SUPPORTS_MACCATALYST = NO;
				SUPPORTS_MAC_DESIGNED_FOR_IPHONE_IPAD = NO;
				SWIFT_EMIT_LOC_STRINGS = YES;
				SWIFT_VERSION = 5.0;
				TARGETED_DEVICE_FAMILY = "1,2";
			};
			name = Debug;
		};
		9408838729E318CB00129130 /* Release */ = {
			isa = XCBuildConfiguration;
			buildSettings = {
				ASSETCATALOG_COMPILER_APPICON_NAME = AppIcon;
				ASSETCATALOG_COMPILER_GLOBAL_ACCENT_COLOR_NAME = AccentColor;
				CODE_SIGN_ENTITLEMENTS = WatchVault/WatchVault.entitlements;
				CODE_SIGN_STYLE = Automatic;
				CURRENT_PROJECT_VERSION = 1;
				DEVELOPMENT_ASSET_PATHS = "";
				DEVELOPMENT_TEAM = DLMFN4KDDD;
				ENABLE_HARDENED_RUNTIME = YES;
				ENABLE_PREVIEWS = YES;
				GENERATE_INFOPLIST_FILE = YES;
				"INFOPLIST_KEY_UIApplicationSceneManifest_Generation[sdk=iphoneos*]" = YES;
				"INFOPLIST_KEY_UIApplicationSceneManifest_Generation[sdk=iphonesimulator*]" = YES;
				"INFOPLIST_KEY_UIApplicationSupportsIndirectInputEvents[sdk=iphoneos*]" = YES;
				"INFOPLIST_KEY_UIApplicationSupportsIndirectInputEvents[sdk=iphonesimulator*]" = YES;
				"INFOPLIST_KEY_UILaunchScreen_Generation[sdk=iphoneos*]" = YES;
				"INFOPLIST_KEY_UILaunchScreen_Generation[sdk=iphonesimulator*]" = YES;
				INFOPLIST_KEY_UILaunchStoryboardName = "Launch Screen.storyboard";
				"INFOPLIST_KEY_UIStatusBarStyle[sdk=iphoneos*]" = UIStatusBarStyleDefault;
				"INFOPLIST_KEY_UIStatusBarStyle[sdk=iphonesimulator*]" = UIStatusBarStyleDefault;
				INFOPLIST_KEY_UISupportedInterfaceOrientations = UIInterfaceOrientationPortrait;
				IPHONEOS_DEPLOYMENT_TARGET = 16.0;
				LD_RUNPATH_SEARCH_PATHS = "@executable_path/Frameworks";
				"LD_RUNPATH_SEARCH_PATHS[sdk=macosx*]" = "@executable_path/../Frameworks";
				MACOSX_DEPLOYMENT_TARGET = 13.1;
				MARKETING_VERSION = 1.0;
				PRODUCT_BUNDLE_IDENTIFIER = com.kartelemreburuk.WatchVault;
				PRODUCT_NAME = "$(TARGET_NAME)";
				SDKROOT = auto;
				SUPPORTED_PLATFORMS = "iphoneos iphonesimulator";
				SUPPORTS_MACCATALYST = NO;
				SUPPORTS_MAC_DESIGNED_FOR_IPHONE_IPAD = NO;
				SWIFT_EMIT_LOC_STRINGS = YES;
				SWIFT_VERSION = 5.0;
				TARGETED_DEVICE_FAMILY = "1,2";
			};
			name = Release;
		};
/* End XCBuildConfiguration section */

/* Begin XCConfigurationList section */
		9408837129E318C900129130 /* Build configuration list for PBXProject "WatchVault" */ = {
			isa = XCConfigurationList;
			buildConfigurations = (
				9408838329E318CB00129130 /* Debug */,
				9408838429E318CB00129130 /* Release */,
			);
			defaultConfigurationIsVisible = 0;
			defaultConfigurationName = Release;
		};
		9408838529E318CB00129130 /* Build configuration list for PBXNativeTarget "WatchVault" */ = {
			isa = XCConfigurationList;
			buildConfigurations = (
				9408838629E318CB00129130 /* Debug */,
				9408838729E318CB00129130 /* Release */,
			);
			defaultConfigurationIsVisible = 0;
			defaultConfigurationName = Release;
		};
/* End XCConfigurationList section */

/* Begin XCRemoteSwiftPackageReference section */
		D4DF177529EC390600FBB8F9 /* XCRemoteSwiftPackageReference "lottie-ios" */ = {
			isa = XCRemoteSwiftPackageReference;
			repositoryURL = "https://github.com/airbnb/lottie-ios";
			requirement = {
				kind = upToNextMajorVersion;
				minimumVersion = 4.0.0;
			};
		};
/* End XCRemoteSwiftPackageReference section */

/* Begin XCSwiftPackageProductDependency section */
		D4DF177629EC390600FBB8F9 /* Lottie */ = {
			isa = XCSwiftPackageProductDependency;
			package = D4DF177529EC390600FBB8F9 /* XCRemoteSwiftPackageReference "lottie-ios" */;
			productName = Lottie;
		};
/* End XCSwiftPackageProductDependency section */
	};
	rootObject = 9408836E29E318C900129130 /* Project object */;
}
